
Microsoft Visual Studio Solution File, Format Version 12.00
# Visual Studio Version 16
VisualStudioVersion = 16.0.29509.3
MinimumVisualStudioVersion = 10.0.40219.1
Project("{9A19103F-16F7-4668-BE54-9A1E7A4F7556}") = "AweBlazor", "AweBlazor.csproj", "{66949FA7-0311-45B3-9796-A240EE4A5880}"
EndProject
Project("{9A19103F-16F7-4668-BE54-9A1E7A4F7556}") = "AweBlazor.API", "AweBlazor.API\AweBlazor.API.csproj", "{5372C6FF-8480-4E68-AD49-15EF960ACBB6}"
EndProject
Global
	GlobalSection(SolutionConfigurationPlatforms) = preSolution
		Debug|Any CPU = Debug|Any CPU
		Release|Any CPU = Release|Any CPU
	EndGlobalSection
	GlobalSection(ProjectConfigurationPlatforms) = postSolution
		{66949FA7-0311-45B3-9796-A240EE4A5880}.Debug|Any CPU.ActiveCfg = Debug|Any CPU
		{66949FA7-0311-45B3-9796-A240EE4A5880}.Debug|Any CPU.Build.0 = Debug|Any CPU
		{66949FA7-0311-45B3-9796-A240EE4A5880}.Release|Any CPU.ActiveCfg = Release|Any CPU
		{66949FA7-0311-45B3-9796-A240EE4A5880}.Release|Any CPU.Build.0 = Release|Any CPU
		{5372C6FF-8480-4E68-AD49-15EF960ACBB6}.Debug|Any CPU.ActiveCfg = Debug|Any CPU
		{5372C6FF-8480-4E68-AD49-15EF960ACBB6}.Debug|Any CPU.Build.0 = Debug|Any CPU
		{5372C6FF-8480-4E68-AD49-15EF960ACBB6}.Release|Any CPU.ActiveCfg = Release|Any CPU
		{5372C6FF-8480-4E68-AD49-15EF960ACBB6}.Release|Any CPU.Build.0 = Release|Any CPU
	EndGlobalSection
	GlobalSection(SolutionProperties) = preSolution
		HideSolutionNode = FALSE
	EndGlobalSection
	GlobalSection(ExtensibilityGlobals) = postSolution
		SolutionGuid = {10A994FE-B9C3-4D64-BEA9-84F727C74AF7}
	EndGlobalSection
EndGlobal
